
Microsoft Visual Studio Solution File, Format Version 11.00
# Visual Studio 2010
Project("{FAE04EC0-301F-11D3-BF4B-00C04F79EFBC}") = "Andromeda.Framework", "src\framework\Andromeda.Framework\Andromeda.Framework.csproj", "{8BA2EA0C-2220-4390-A87C-79E96E40DFD0}"
EndProject
Project("{2150E333-8FDC-42A3-9474-1A3956D46DE8}") = "Framework", "Framework", "{3D4ACC8E-81CA-4738-AF65-557FA57CCF7A}"
EndProject
Project("{2150E333-8FDC-42A3-9474-1A3956D46DE8}") = "SDK", "SDK", "{7F2FB364-EDF3-4C43-B5F2-1388ADA4C9EB}"
EndProject
Project("{FAE04EC0-301F-11D3-BF4B-00C04F79EFBC}") = "Andromeda.Composites", "src\sdk\Andromeda.Composites\Andromeda.Composites.csproj", "{12029AA6-F05C-4DC6-B76E-C3798BCAC68D}"
EndProject
Project("{2150E333-8FDC-42A3-9474-1A3956D46DE8}") = "Common", "Common", "{A2581B83-5C10-4F25-A225-0EA00448352F}"
EndProject
Project("{FAE04EC0-301F-11D3-BF4B-00C04F79EFBC}") = "Andromeda.Composites.Mvc", "src\sdk\Andromeda.Composites.Mvc\Andromeda.Composites.Mvc.csproj", "{F0842E3B-1F25-4D42-B25D-758B8FCBDCC3}"
EndProject
Project("{FAE04EC0-301F-11D3-BF4B-00C04F79EFBC}") = "Andromeda.Framework.Cqrs", "src\framework\Andromeda.Framework.Cqrs\Andromeda.Framework.Cqrs.csproj", "{58D2349E-9C39-485E-861E-E337ACF186B6}"
EndProject
Project("{FAE04EC0-301F-11D3-BF4B-00C04F79EFBC}") = "Andromeda.Framework.EventSourcing", "src\framework\Andromeda.Framework.EventSourcing\Andromeda.Framework.EventSourcing.csproj", "{35457F8B-839A-42B5-9CAC-CDDEFC7B7515}"
EndProject
Project("{2150E333-8FDC-42A3-9474-1A3956D46DE8}") = "Tests", "Tests", "{2FCA90C0-899D-436D-B9BD-895BDD049558}"
EndProject
Project("{FAE04EC0-301F-11D3-BF4B-00C04F79EFBC}") = "Andromeda.Framework.UnitTests", "tests\Andromeda.Framework.UnitTests\Andromeda.Framework.UnitTests.csproj", "{B66BD805-49C3-4DC8-B530-15776A68A48A}"
EndProject
Project("{FAE04EC0-301F-11D3-BF4B-00C04F79EFBC}") = "Andromeda.Framework.IntegrationTests", "tests\Andromeda.Framework.IntegrationTests\Andromeda.Framework.IntegrationTests.csproj", "{7F5BA044-DA1D-418D-A14F-708BC69C926E}"
EndProject
Project("{FAE04EC0-301F-11D3-BF4B-00C04F79EFBC}") = "Andromeda.Framework.TestingFakes", "tests\Andromeda.Framework.TestingFakes\Andromeda.Framework.TestingFakes.csproj", "{793DEE69-90CB-45D7-94CC-FD2D7CE59790}"
EndProject
Project("{FAE04EC0-301F-11D3-BF4B-00C04F79EFBC}") = "Andromeda.Common", "src\common\Andromeda.Common\Andromeda.Common.csproj", "{F3A0C178-15D9-4E18-B673-28B80F40E665}"
EndProject
Project("{2150E333-8FDC-42A3-9474-1A3956D46DE8}") = "Tests", "Tests", "{5D1F1C5C-AFB9-43FC-B48D-3FCFE54F57C4}"
EndProject
Project("{FAE04EC0-301F-11D3-BF4B-00C04F79EFBC}") = "Andromeda.Common.TestingFakes", "tests\Andromeda.Common.TestingFakes\Andromeda.Common.TestingFakes.csproj", "{B63C4D62-939A-45AB-95F2-EBFBE4B5013C}"
EndProject
Project("{FAE04EC0-301F-11D3-BF4B-00C04F79EFBC}") = "Andromeda.Common.UnitTests", "tests\Andromeda.Common.UnitTests\Andromeda.Common.UnitTests.csproj", "{F1080594-08D8-44A7-A1FA-1AAAE608FE45}"
EndProject
Project("{FAE04EC0-301F-11D3-BF4B-00C04F79EFBC}") = "Andromeda.Common.IntegrationTests", "tests\Andromeda.Common.IntegrationTests\Andromeda.Common.IntegrationTests.csproj", "{9D90C0A5-BD70-4DBB-A3EF-3B9D035BF41F}"
EndProject
Project("{FAE04EC0-301F-11D3-BF4B-00C04F79EFBC}") = "Andromeda.Common.ServiceHost", "src\common\Andromeda.Common.ServiceHost\Andromeda.Common.ServiceHost.csproj", "{4192538D-5E42-4841-8C8F-6A2072808D41}"
EndProject
Project("{FAE04EC0-301F-11D3-BF4B-00C04F79EFBC}") = "Andromeda.Common.Storage", "src\common\Andromeda.Common.Storage\Andromeda.Common.Storage.csproj", "{9E2D08E0-0A3D-46D1-BCD6-D85ADE871118}"
EndProject
Project("{FAE04EC0-301F-11D3-BF4B-00C04F79EFBC}") = "Andromeda.Common.Configuration", "src\common\Andromeda.Common.Configuration\Andromeda.Common.Configuration.csproj", "{B04EEAA1-7492-41B9-9CEA-1D961D9A8568}"
EndProject
Project("{FAE04EC0-301F-11D3-BF4B-00C04F79EFBC}") = "Andromeda.Common.Storage.NHibernate", "src\common\Andromeda.Common.Storage.NHibernate\Andromeda.Common.Storage.NHibernate.csproj", "{A5B72DFB-6698-420C-ADCC-3F2D28C4F65E}"
EndProject
Project("{FAE04EC0-301F-11D3-BF4B-00C04F79EFBC}") = "Andromeda.Common.Storage.Azure", "src\common\Andromeda.Common.Storage.Azure\Andromeda.Common.Storage.Azure.csproj", "{9190A42E-76B2-4315-9374-DF188D78881B}"
EndProject
Project("{FAE04EC0-301F-11D3-BF4B-00C04F79EFBC}") = "Andromeda.Common.Messaging", "src\common\Andromeda.Common.Messaging\Andromeda.Common.Messaging.csproj", "{4F499249-B39C-4DD2-A75C-FE768E90579F}"
EndProject
Project("{FAE04EC0-301F-11D3-BF4B-00C04F79EFBC}") = "Andromeda.Common.Messaging.Azure", "src\common\Andromeda.Common.Messaging.Azure\Andromeda.Common.Messaging.Azure.csproj", "{BB6CE799-54E1-4019-B918-992DCD78480A}"
EndProject
Project("{2150E333-8FDC-42A3-9474-1A3956D46DE8}") = "Tests", "Tests", "{7A99E385-CC40-4F2F-B301-EEF6C4664ECC}"
EndProject
Project("{FAE04EC0-301F-11D3-BF4B-00C04F79EFBC}") = "Andromeda.Framework.Cqrs.NHibernate", "src\framework\Andromeda.Framework.Cqrs.NHibernate\Andromeda.Framework.Cqrs.NHibernate.csproj", "{5A255BCD-5858-4CB3-BE76-177E65048D4F}"
EndProject
Project("{FAE04EC0-301F-11D3-BF4B-00C04F79EFBC}") = "Andromeda.Framework.Models", "src\framework\Andromeda.Framework.Models\Andromeda.Framework.Models.csproj", "{7BBC7165-5E13-4802-B79F-00E754319F0B}"
EndProject
Project("{FAE04EC0-301F-11D3-BF4B-00C04F79EFBC}") = "Andromeda.Framework.HostingFabric", "src\framework\Andromeda.Framework.HostingFabric\Andromeda.Framework.HostingFabric.csproj", "{6B55CE77-2663-45F0-ADB2-DFC7AB01233C}"
EndProject
Project("{FAE04EC0-301F-11D3-BF4B-00C04F79EFBC}") = "Andromeda.Framework.Agent", "src\framework\Andromeda.Framework.Agent\Andromeda.Framework.Agent.csproj", "{272059FF-3EF6-49A1-9DA5-D8649A17AA0C}"
EndProject
Project("{FAE04EC0-301F-11D3-BF4B-00C04F79EFBC}") = "Andromeda.Sdk.IntegrationTests", "tests\Andromeda.Sdk.IntegrationTests\Andromeda.Sdk.IntegrationTests.csproj", "{02AAAF17-7C44-43EB-9AA8-48E03A7C67AE}"
EndProject
Project("{FAE04EC0-301F-11D3-BF4B-00C04F79EFBC}") = "Andromeda.TestingSupport", "src\sdk\Andromeda.TestingSupport\Andromeda.TestingSupport.csproj", "{4390CD07-BCBD-417F-B6FE-85A5CAABDFE5}"
EndProject
Project("{FAE04EC0-301F-11D3-BF4B-00C04F79EFBC}") = "Andromeda.Framework.AgentMetadata", "src\framework\Andromeda.Framework.AgentMetadata\Andromeda.Framework.AgentMetadata.csproj", "{276664F8-43A3-43E6-AA9A-B9A275B14013}"
EndProject
Project("{FAE04EC0-301F-11D3-BF4B-00C04F79EFBC}") = "Andromeda.Sdk.Specifications", "tests\Andromeda.Sdk.Specifications\Andromeda.Sdk.Specifications.csproj", "{AC366DF0-1269-4C2C-9599-B02FCB8402FE}"
EndProject
Project("{FAE04EC0-301F-11D3-BF4B-00C04F79EFBC}") = "Andromeda.Sdk.TestAgent", "tests\Andromeda.Sdk.TestAgent\Andromeda.Sdk.TestAgent.csproj", "{F2CA2CE6-3D33-4FF2-8E8B-8B16E571F98C}"
EndProject
Project("{FAE04EC0-301F-11D3-BF4B-00C04F79EFBC}") = "Andromeda.Sdk.TestComposite", "tests\Andromeda.Sdk.TestComposite\Andromeda.Sdk.TestComposite.csproj", "{780B3603-392F-4C71-BBE1-87477248D1A8}"
EndProject
Project("{FAE04EC0-301F-11D3-BF4B-00C04F79EFBC}") = "LoggingAgent", "src\sdk\LoggingAgent\LoggingAgent.csproj", "{1FE538F6-D05D-4849-8741-F827F1B7B34F}"
EndProject
Project("{2150E333-8FDC-42A3-9474-1A3956D46DE8}") = "Build", "Build", "{08FA4B73-08BA-4C7F-BFD3-FC6E0C5AA9FC}"
	ProjectSection(SolutionItems) = preProject
		build\build.msbuild = build\build.msbuild
		build\AndromedaAgentConsole.nuspec = build\AndromedaAgentConsole.nuspec
		build\AndromedaAzureHost.nuspec = build\AndromedaAzureHost.nuspec
		build\AndromedaCompositeInspector.nuspec = build\AndromedaCompositeInspector.nuspec
		build\AndromedaSDK.nuspec = build\AndromedaSDK.nuspec
	EndProjectSection
EndProject
Project("{FAE04EC0-301F-11D3-BF4B-00C04F79EFBC}") = "CompositeInspector", "src\sdk\CompositeInspector\CompositeInspector.csproj", "{7453ADF2-CE91-47BD-A046-003CCC90D962}"
EndProject
Project("{FAE04EC0-301F-11D3-BF4B-00C04F79EFBC}") = "Andromeda.Sdk.UnitTests", "tests\Andromeda.Sdk.UnitTests\Andromeda.Sdk.UnitTests.csproj", "{00DCECE0-96B8-4286-B57C-581D97411DA8}"
EndProject
Project("{FAE04EC0-301F-11D3-BF4B-00C04F79EFBC}") = "Andromeda.Sdk.TestHostingFabric", "tests\Andromeda.Sdk.TestHostingFabric\Andromeda.Sdk.TestHostingFabric.csproj", "{1F644F8B-941C-4D35-972F-2660F59E8E32}"
EndProject
Global
	GlobalSection(SolutionConfigurationPlatforms) = preSolution
		Debug|Any CPU = Debug|Any CPU
		Debug|Mixed Platforms = Debug|Mixed Platforms
		Debug|x64 = Debug|x64
		Debug|x86 = Debug|x86
		Release|Any CPU = Release|Any CPU
		Release|Mixed Platforms = Release|Mixed Platforms
		Release|x64 = Release|x64
		Release|x86 = Release|x86
	EndGlobalSection
	GlobalSection(ProjectConfigurationPlatforms) = postSolution
		{8BA2EA0C-2220-4390-A87C-79E96E40DFD0}.Debug|Any CPU.ActiveCfg = Debug|Any CPU
		{8BA2EA0C-2220-4390-A87C-79E96E40DFD0}.Debug|Any CPU.Build.0 = Debug|Any CPU
		{8BA2EA0C-2220-4390-A87C-79E96E40DFD0}.Debug|Mixed Platforms.ActiveCfg = Debug|Any CPU
		{8BA2EA0C-2220-4390-A87C-79E96E40DFD0}.Debug|Mixed Platforms.Build.0 = Debug|Any CPU
		{8BA2EA0C-2220-4390-A87C-79E96E40DFD0}.Debug|x64.ActiveCfg = Debug|x64
		{8BA2EA0C-2220-4390-A87C-79E96E40DFD0}.Debug|x64.Build.0 = Debug|x64
		{8BA2EA0C-2220-4390-A87C-79E96E40DFD0}.Debug|x86.ActiveCfg = Debug|Any CPU
		{8BA2EA0C-2220-4390-A87C-79E96E40DFD0}.Debug|x86.Build.0 = Debug|Any CPU
		{8BA2EA0C-2220-4390-A87C-79E96E40DFD0}.Release|Any CPU.ActiveCfg = Release|Any CPU
		{8BA2EA0C-2220-4390-A87C-79E96E40DFD0}.Release|Any CPU.Build.0 = Release|Any CPU
		{8BA2EA0C-2220-4390-A87C-79E96E40DFD0}.Release|Mixed Platforms.ActiveCfg = Release|x64
		{8BA2EA0C-2220-4390-A87C-79E96E40DFD0}.Release|Mixed Platforms.Build.0 = Release|x64
		{8BA2EA0C-2220-4390-A87C-79E96E40DFD0}.Release|x64.ActiveCfg = Release|x64
		{8BA2EA0C-2220-4390-A87C-79E96E40DFD0}.Release|x64.Build.0 = Release|x64
		{8BA2EA0C-2220-4390-A87C-79E96E40DFD0}.Release|x86.ActiveCfg = Release|x86
		{8BA2EA0C-2220-4390-A87C-79E96E40DFD0}.Release|x86.Build.0 = Release|x86
		{12029AA6-F05C-4DC6-B76E-C3798BCAC68D}.Debug|Any CPU.ActiveCfg = Debug|Any CPU
		{12029AA6-F05C-4DC6-B76E-C3798BCAC68D}.Debug|Any CPU.Build.0 = Debug|Any CPU
		{12029AA6-F05C-4DC6-B76E-C3798BCAC68D}.Debug|Mixed Platforms.ActiveCfg = Debug|Any CPU
		{12029AA6-F05C-4DC6-B76E-C3798BCAC68D}.Debug|Mixed Platforms.Build.0 = Debug|Any CPU
		{12029AA6-F05C-4DC6-B76E-C3798BCAC68D}.Debug|x64.ActiveCfg = Debug|x64
		{12029AA6-F05C-4DC6-B76E-C3798BCAC68D}.Debug|x64.Build.0 = Debug|x64
		{12029AA6-F05C-4DC6-B76E-C3798BCAC68D}.Debug|x86.ActiveCfg = Debug|Any CPU
		{12029AA6-F05C-4DC6-B76E-C3798BCAC68D}.Debug|x86.Build.0 = Debug|Any CPU
		{12029AA6-F05C-4DC6-B76E-C3798BCAC68D}.Release|Any CPU.ActiveCfg = Release|Any CPU
		{12029AA6-F05C-4DC6-B76E-C3798BCAC68D}.Release|Any CPU.Build.0 = Release|Any CPU
		{12029AA6-F05C-4DC6-B76E-C3798BCAC68D}.Release|Mixed Platforms.ActiveCfg = Release|x64
		{12029AA6-F05C-4DC6-B76E-C3798BCAC68D}.Release|Mixed Platforms.Build.0 = Release|x64
		{12029AA6-F05C-4DC6-B76E-C3798BCAC68D}.Release|x64.ActiveCfg = Release|x64
		{12029AA6-F05C-4DC6-B76E-C3798BCAC68D}.Release|x64.Build.0 = Release|x64
		{12029AA6-F05C-4DC6-B76E-C3798BCAC68D}.Release|x86.ActiveCfg = Release|x86
		{12029AA6-F05C-4DC6-B76E-C3798BCAC68D}.Release|x86.Build.0 = Release|x86
		{F0842E3B-1F25-4D42-B25D-758B8FCBDCC3}.Debug|Any CPU.ActiveCfg = Debug|Any CPU
		{F0842E3B-1F25-4D42-B25D-758B8FCBDCC3}.Debug|Any CPU.Build.0 = Debug|Any CPU
		{F0842E3B-1F25-4D42-B25D-758B8FCBDCC3}.Debug|Mixed Platforms.ActiveCfg = Debug|Any CPU
		{F0842E3B-1F25-4D42-B25D-758B8FCBDCC3}.Debug|Mixed Platforms.Build.0 = Debug|Any CPU
		{F0842E3B-1F25-4D42-B25D-758B8FCBDCC3}.Debug|x64.ActiveCfg = Debug|x64
		{F0842E3B-1F25-4D42-B25D-758B8FCBDCC3}.Debug|x64.Build.0 = Debug|x64
		{F0842E3B-1F25-4D42-B25D-758B8FCBDCC3}.Debug|x86.ActiveCfg = Debug|Any CPU
		{F0842E3B-1F25-4D42-B25D-758B8FCBDCC3}.Debug|x86.Build.0 = Debug|Any CPU
		{F0842E3B-1F25-4D42-B25D-758B8FCBDCC3}.Release|Any CPU.ActiveCfg = Release|Any CPU
		{F0842E3B-1F25-4D42-B25D-758B8FCBDCC3}.Release|Any CPU.Build.0 = Release|Any CPU
		{F0842E3B-1F25-4D42-B25D-758B8FCBDCC3}.Release|Mixed Platforms.ActiveCfg = Release|x64
		{F0842E3B-1F25-4D42-B25D-758B8FCBDCC3}.Release|Mixed Platforms.Build.0 = Release|x64
		{F0842E3B-1F25-4D42-B25D-758B8FCBDCC3}.Release|x64.ActiveCfg = Release|x64
		{F0842E3B-1F25-4D42-B25D-758B8FCBDCC3}.Release|x64.Build.0 = Release|x64
		{F0842E3B-1F25-4D42-B25D-758B8FCBDCC3}.Release|x86.ActiveCfg = Release|x86
		{F0842E3B-1F25-4D42-B25D-758B8FCBDCC3}.Release|x86.Build.0 = Release|x86
		{58D2349E-9C39-485E-861E-E337ACF186B6}.Debug|Any CPU.ActiveCfg = Debug|Any CPU
		{58D2349E-9C39-485E-861E-E337ACF186B6}.Debug|Any CPU.Build.0 = Debug|Any CPU
		{58D2349E-9C39-485E-861E-E337ACF186B6}.Debug|Mixed Platforms.ActiveCfg = Debug|Any CPU
		{58D2349E-9C39-485E-861E-E337ACF186B6}.Debug|Mixed Platforms.Build.0 = Debug|Any CPU
		{58D2349E-9C39-485E-861E-E337ACF186B6}.Debug|x64.ActiveCfg = Debug|x64
		{58D2349E-9C39-485E-861E-E337ACF186B6}.Debug|x64.Build.0 = Debug|x64
		{58D2349E-9C39-485E-861E-E337ACF186B6}.Debug|x86.ActiveCfg = Debug|Any CPU
		{58D2349E-9C39-485E-861E-E337ACF186B6}.Debug|x86.Build.0 = Debug|Any CPU
		{58D2349E-9C39-485E-861E-E337ACF186B6}.Release|Any CPU.ActiveCfg = Release|Any CPU
		{58D2349E-9C39-485E-861E-E337ACF186B6}.Release|Any CPU.Build.0 = Release|Any CPU
		{58D2349E-9C39-485E-861E-E337ACF186B6}.Release|Mixed Platforms.ActiveCfg = Release|x64
		{58D2349E-9C39-485E-861E-E337ACF186B6}.Release|Mixed Platforms.Build.0 = Release|x64
		{58D2349E-9C39-485E-861E-E337ACF186B6}.Release|x64.ActiveCfg = Release|x64
		{58D2349E-9C39-485E-861E-E337ACF186B6}.Release|x64.Build.0 = Release|x64
		{58D2349E-9C39-485E-861E-E337ACF186B6}.Release|x86.ActiveCfg = Release|x86
		{58D2349E-9C39-485E-861E-E337ACF186B6}.Release|x86.Build.0 = Release|x86
		{35457F8B-839A-42B5-9CAC-CDDEFC7B7515}.Debug|Any CPU.ActiveCfg = Debug|Any CPU
		{35457F8B-839A-42B5-9CAC-CDDEFC7B7515}.Debug|Any CPU.Build.0 = Debug|Any CPU
		{35457F8B-839A-42B5-9CAC-CDDEFC7B7515}.Debug|Mixed Platforms.ActiveCfg = Debug|Any CPU
		{35457F8B-839A-42B5-9CAC-CDDEFC7B7515}.Debug|Mixed Platforms.Build.0 = Debug|Any CPU
		{35457F8B-839A-42B5-9CAC-CDDEFC7B7515}.Debug|x64.ActiveCfg = Debug|x64
		{35457F8B-839A-42B5-9CAC-CDDEFC7B7515}.Debug|x64.Build.0 = Debug|x64
		{35457F8B-839A-42B5-9CAC-CDDEFC7B7515}.Debug|x86.ActiveCfg = Debug|Any CPU
		{35457F8B-839A-42B5-9CAC-CDDEFC7B7515}.Debug|x86.Build.0 = Debug|Any CPU
		{35457F8B-839A-42B5-9CAC-CDDEFC7B7515}.Release|Any CPU.ActiveCfg = Release|Any CPU
		{35457F8B-839A-42B5-9CAC-CDDEFC7B7515}.Release|Any CPU.Build.0 = Release|Any CPU
		{35457F8B-839A-42B5-9CAC-CDDEFC7B7515}.Release|Mixed Platforms.ActiveCfg = Release|x64
		{35457F8B-839A-42B5-9CAC-CDDEFC7B7515}.Release|Mixed Platforms.Build.0 = Release|x64
		{35457F8B-839A-42B5-9CAC-CDDEFC7B7515}.Release|x64.ActiveCfg = Release|x64
		{35457F8B-839A-42B5-9CAC-CDDEFC7B7515}.Release|x64.Build.0 = Release|x64
		{35457F8B-839A-42B5-9CAC-CDDEFC7B7515}.Release|x86.ActiveCfg = Release|x86
		{35457F8B-839A-42B5-9CAC-CDDEFC7B7515}.Release|x86.Build.0 = Release|x86
		{B66BD805-49C3-4DC8-B530-15776A68A48A}.Debug|Any CPU.ActiveCfg = Debug|Any CPU
		{B66BD805-49C3-4DC8-B530-15776A68A48A}.Debug|Any CPU.Build.0 = Debug|Any CPU
		{B66BD805-49C3-4DC8-B530-15776A68A48A}.Debug|Mixed Platforms.ActiveCfg = Debug|Any CPU
		{B66BD805-49C3-4DC8-B530-15776A68A48A}.Debug|Mixed Platforms.Build.0 = Debug|Any CPU
		{B66BD805-49C3-4DC8-B530-15776A68A48A}.Debug|x64.ActiveCfg = Debug|x64
		{B66BD805-49C3-4DC8-B530-15776A68A48A}.Debug|x64.Build.0 = Debug|x64
		{B66BD805-49C3-4DC8-B530-15776A68A48A}.Debug|x86.ActiveCfg = Debug|Any CPU
		{B66BD805-49C3-4DC8-B530-15776A68A48A}.Debug|x86.Build.0 = Debug|Any CPU
		{B66BD805-49C3-4DC8-B530-15776A68A48A}.Release|Any CPU.ActiveCfg = Release|Any CPU
		{B66BD805-49C3-4DC8-B530-15776A68A48A}.Release|Any CPU.Build.0 = Release|Any CPU
		{B66BD805-49C3-4DC8-B530-15776A68A48A}.Release|Mixed Platforms.ActiveCfg = Release|x64
		{B66BD805-49C3-4DC8-B530-15776A68A48A}.Release|Mixed Platforms.Build.0 = Release|x64
		{B66BD805-49C3-4DC8-B530-15776A68A48A}.Release|x64.ActiveCfg = Release|x64
		{B66BD805-49C3-4DC8-B530-15776A68A48A}.Release|x64.Build.0 = Release|x64
		{B66BD805-49C3-4DC8-B530-15776A68A48A}.Release|x86.ActiveCfg = Release|x86
		{B66BD805-49C3-4DC8-B530-15776A68A48A}.Release|x86.Build.0 = Release|x86
		{7F5BA044-DA1D-418D-A14F-708BC69C926E}.Debug|Any CPU.ActiveCfg = Debug|Any CPU
		{7F5BA044-DA1D-418D-A14F-708BC69C926E}.Debug|Any CPU.Build.0 = Debug|Any CPU
		{7F5BA044-DA1D-418D-A14F-708BC69C926E}.Debug|Mixed Platforms.ActiveCfg = Debug|Any CPU
		{7F5BA044-DA1D-418D-A14F-708BC69C926E}.Debug|Mixed Platforms.Build.0 = Debug|Any CPU
		{7F5BA044-DA1D-418D-A14F-708BC69C926E}.Debug|x64.ActiveCfg = Debug|x64
		{7F5BA044-DA1D-418D-A14F-708BC69C926E}.Debug|x64.Build.0 = Debug|x64
		{7F5BA044-DA1D-418D-A14F-708BC69C926E}.Debug|x86.ActiveCfg = Debug|x86
		{7F5BA044-DA1D-418D-A14F-708BC69C926E}.Debug|x86.Build.0 = Debug|x86
		{7F5BA044-DA1D-418D-A14F-708BC69C926E}.Release|Any CPU.ActiveCfg = Release|Any CPU
		{7F5BA044-DA1D-418D-A14F-708BC69C926E}.Release|Any CPU.Build.0 = Release|Any CPU
		{7F5BA044-DA1D-418D-A14F-708BC69C926E}.Release|Mixed Platforms.ActiveCfg = Release|x64
		{7F5BA044-DA1D-418D-A14F-708BC69C926E}.Release|Mixed Platforms.Build.0 = Release|x64
		{7F5BA044-DA1D-418D-A14F-708BC69C926E}.Release|x64.ActiveCfg = Release|x64
		{7F5BA044-DA1D-418D-A14F-708BC69C926E}.Release|x64.Build.0 = Release|x64
		{7F5BA044-DA1D-418D-A14F-708BC69C926E}.Release|x86.ActiveCfg = Release|x86
		{7F5BA044-DA1D-418D-A14F-708BC69C926E}.Release|x86.Build.0 = Release|x86
		{793DEE69-90CB-45D7-94CC-FD2D7CE59790}.Debug|Any CPU.ActiveCfg = Debug|Any CPU
		{793DEE69-90CB-45D7-94CC-FD2D7CE59790}.Debug|Any CPU.Build.0 = Debug|Any CPU
		{793DEE69-90CB-45D7-94CC-FD2D7CE59790}.Debug|Mixed Platforms.ActiveCfg = Debug|Any CPU
		{793DEE69-90CB-45D7-94CC-FD2D7CE59790}.Debug|Mixed Platforms.Build.0 = Debug|Any CPU
		{793DEE69-90CB-45D7-94CC-FD2D7CE59790}.Debug|x64.ActiveCfg = Debug|x64
		{793DEE69-90CB-45D7-94CC-FD2D7CE59790}.Debug|x64.Build.0 = Debug|x64
		{793DEE69-90CB-45D7-94CC-FD2D7CE59790}.Debug|x86.ActiveCfg = Debug|Any CPU
		{793DEE69-90CB-45D7-94CC-FD2D7CE59790}.Debug|x86.Build.0 = Debug|Any CPU
		{793DEE69-90CB-45D7-94CC-FD2D7CE59790}.Release|Any CPU.ActiveCfg = Release|Any CPU
		{793DEE69-90CB-45D7-94CC-FD2D7CE59790}.Release|Any CPU.Build.0 = Release|Any CPU
		{793DEE69-90CB-45D7-94CC-FD2D7CE59790}.Release|Mixed Platforms.ActiveCfg = Release|x64
		{793DEE69-90CB-45D7-94CC-FD2D7CE59790}.Release|Mixed Platforms.Build.0 = Release|x64
		{793DEE69-90CB-45D7-94CC-FD2D7CE59790}.Release|x64.ActiveCfg = Release|x64
		{793DEE69-90CB-45D7-94CC-FD2D7CE59790}.Release|x64.Build.0 = Release|x64
		{793DEE69-90CB-45D7-94CC-FD2D7CE59790}.Release|x86.ActiveCfg = Release|x86
		{793DEE69-90CB-45D7-94CC-FD2D7CE59790}.Release|x86.Build.0 = Release|x86
		{F3A0C178-15D9-4E18-B673-28B80F40E665}.Debug|Any CPU.ActiveCfg = Debug|Any CPU
		{F3A0C178-15D9-4E18-B673-28B80F40E665}.Debug|Any CPU.Build.0 = Debug|Any CPU
		{F3A0C178-15D9-4E18-B673-28B80F40E665}.Debug|Mixed Platforms.ActiveCfg = Debug|Any CPU
		{F3A0C178-15D9-4E18-B673-28B80F40E665}.Debug|Mixed Platforms.Build.0 = Debug|Any CPU
		{F3A0C178-15D9-4E18-B673-28B80F40E665}.Debug|x64.ActiveCfg = Debug|x64
		{F3A0C178-15D9-4E18-B673-28B80F40E665}.Debug|x64.Build.0 = Debug|x64
		{F3A0C178-15D9-4E18-B673-28B80F40E665}.Debug|x86.ActiveCfg = Debug|Any CPU
		{F3A0C178-15D9-4E18-B673-28B80F40E665}.Debug|x86.Build.0 = Debug|Any CPU
		{F3A0C178-15D9-4E18-B673-28B80F40E665}.Release|Any CPU.ActiveCfg = Release|Any CPU
		{F3A0C178-15D9-4E18-B673-28B80F40E665}.Release|Any CPU.Build.0 = Release|Any CPU
		{F3A0C178-15D9-4E18-B673-28B80F40E665}.Release|Mixed Platforms.ActiveCfg = Release|x64
		{F3A0C178-15D9-4E18-B673-28B80F40E665}.Release|Mixed Platforms.Build.0 = Release|x64
		{F3A0C178-15D9-4E18-B673-28B80F40E665}.Release|x64.ActiveCfg = Release|x86
		{F3A0C178-15D9-4E18-B673-28B80F40E665}.Release|x64.Build.0 = Release|x86
		{F3A0C178-15D9-4E18-B673-28B80F40E665}.Release|x86.ActiveCfg = Release|x86
		{F3A0C178-15D9-4E18-B673-28B80F40E665}.Release|x86.Build.0 = Release|x86
		{B63C4D62-939A-45AB-95F2-EBFBE4B5013C}.Debug|Any CPU.ActiveCfg = Debug|Any CPU
		{B63C4D62-939A-45AB-95F2-EBFBE4B5013C}.Debug|Any CPU.Build.0 = Debug|Any CPU
		{B63C4D62-939A-45AB-95F2-EBFBE4B5013C}.Debug|Mixed Platforms.ActiveCfg = Debug|Any CPU
		{B63C4D62-939A-45AB-95F2-EBFBE4B5013C}.Debug|Mixed Platforms.Build.0 = Debug|Any CPU
		{B63C4D62-939A-45AB-95F2-EBFBE4B5013C}.Debug|x64.ActiveCfg = Debug|x64
		{B63C4D62-939A-45AB-95F2-EBFBE4B5013C}.Debug|x64.Build.0 = Debug|x64
		{B63C4D62-939A-45AB-95F2-EBFBE4B5013C}.Debug|x86.ActiveCfg = Debug|Any CPU
		{B63C4D62-939A-45AB-95F2-EBFBE4B5013C}.Debug|x86.Build.0 = Debug|Any CPU
		{B63C4D62-939A-45AB-95F2-EBFBE4B5013C}.Release|Any CPU.ActiveCfg = Release|Any CPU
		{B63C4D62-939A-45AB-95F2-EBFBE4B5013C}.Release|Any CPU.Build.0 = Release|Any CPU
		{B63C4D62-939A-45AB-95F2-EBFBE4B5013C}.Release|Mixed Platforms.ActiveCfg = Release|x64
		{B63C4D62-939A-45AB-95F2-EBFBE4B5013C}.Release|Mixed Platforms.Build.0 = Release|x64
		{B63C4D62-939A-45AB-95F2-EBFBE4B5013C}.Release|x64.ActiveCfg = Release|x64
		{B63C4D62-939A-45AB-95F2-EBFBE4B5013C}.Release|x64.Build.0 = Release|x64
		{B63C4D62-939A-45AB-95F2-EBFBE4B5013C}.Release|x86.ActiveCfg = Release|x86
		{B63C4D62-939A-45AB-95F2-EBFBE4B5013C}.Release|x86.Build.0 = Release|x86
		{F1080594-08D8-44A7-A1FA-1AAAE608FE45}.Debug|Any CPU.ActiveCfg = Debug|Any CPU
		{F1080594-08D8-44A7-A1FA-1AAAE608FE45}.Debug|Any CPU.Build.0 = Debug|Any CPU
		{F1080594-08D8-44A7-A1FA-1AAAE608FE45}.Debug|Mixed Platforms.ActiveCfg = Debug|Any CPU
		{F1080594-08D8-44A7-A1FA-1AAAE608FE45}.Debug|Mixed Platforms.Build.0 = Debug|Any CPU
		{F1080594-08D8-44A7-A1FA-1AAAE608FE45}.Debug|x64.ActiveCfg = Debug|x64
		{F1080594-08D8-44A7-A1FA-1AAAE608FE45}.Debug|x64.Build.0 = Debug|x64
		{F1080594-08D8-44A7-A1FA-1AAAE608FE45}.Debug|x86.ActiveCfg = Debug|Any CPU
		{F1080594-08D8-44A7-A1FA-1AAAE608FE45}.Debug|x86.Build.0 = Debug|Any CPU
		{F1080594-08D8-44A7-A1FA-1AAAE608FE45}.Release|Any CPU.ActiveCfg = Release|Any CPU
		{F1080594-08D8-44A7-A1FA-1AAAE608FE45}.Release|Any CPU.Build.0 = Release|Any CPU
		{F1080594-08D8-44A7-A1FA-1AAAE608FE45}.Release|Mixed Platforms.ActiveCfg = Release|x64
		{F1080594-08D8-44A7-A1FA-1AAAE608FE45}.Release|Mixed Platforms.Build.0 = Release|x64
		{F1080594-08D8-44A7-A1FA-1AAAE608FE45}.Release|x64.ActiveCfg = Release|x64
		{F1080594-08D8-44A7-A1FA-1AAAE608FE45}.Release|x64.Build.0 = Release|x64
		{F1080594-08D8-44A7-A1FA-1AAAE608FE45}.Release|x86.ActiveCfg = Release|x86
		{F1080594-08D8-44A7-A1FA-1AAAE608FE45}.Release|x86.Build.0 = Release|x86
		{9D90C0A5-BD70-4DBB-A3EF-3B9D035BF41F}.Debug|Any CPU.ActiveCfg = Debug|Any CPU
		{9D90C0A5-BD70-4DBB-A3EF-3B9D035BF41F}.Debug|Any CPU.Build.0 = Debug|Any CPU
		{9D90C0A5-BD70-4DBB-A3EF-3B9D035BF41F}.Debug|Mixed Platforms.ActiveCfg = Debug|Any CPU
		{9D90C0A5-BD70-4DBB-A3EF-3B9D035BF41F}.Debug|Mixed Platforms.Build.0 = Debug|Any CPU
		{9D90C0A5-BD70-4DBB-A3EF-3B9D035BF41F}.Debug|x64.ActiveCfg = Debug|x64
		{9D90C0A5-BD70-4DBB-A3EF-3B9D035BF41F}.Debug|x64.Build.0 = Debug|x64
		{9D90C0A5-BD70-4DBB-A3EF-3B9D035BF41F}.Debug|x86.ActiveCfg = Debug|Any CPU
		{9D90C0A5-BD70-4DBB-A3EF-3B9D035BF41F}.Debug|x86.Build.0 = Debug|Any CPU
		{9D90C0A5-BD70-4DBB-A3EF-3B9D035BF41F}.Release|Any CPU.ActiveCfg = Release|Any CPU
		{9D90C0A5-BD70-4DBB-A3EF-3B9D035BF41F}.Release|Any CPU.Build.0 = Release|Any CPU
		{9D90C0A5-BD70-4DBB-A3EF-3B9D035BF41F}.Release|Mixed Platforms.ActiveCfg = Release|x64
		{9D90C0A5-BD70-4DBB-A3EF-3B9D035BF41F}.Release|Mixed Platforms.Build.0 = Release|x64
		{9D90C0A5-BD70-4DBB-A3EF-3B9D035BF41F}.Release|x64.ActiveCfg = Release|x64
		{9D90C0A5-BD70-4DBB-A3EF-3B9D035BF41F}.Release|x64.Build.0 = Release|x64
		{9D90C0A5-BD70-4DBB-A3EF-3B9D035BF41F}.Release|x86.ActiveCfg = Release|x86
		{9D90C0A5-BD70-4DBB-A3EF-3B9D035BF41F}.Release|x86.Build.0 = Release|x86
		{4192538D-5E42-4841-8C8F-6A2072808D41}.Debug|Any CPU.ActiveCfg = Debug|Any CPU
		{4192538D-5E42-4841-8C8F-6A2072808D41}.Debug|Any CPU.Build.0 = Debug|Any CPU
		{4192538D-5E42-4841-8C8F-6A2072808D41}.Debug|Mixed Platforms.ActiveCfg = Debug|Any CPU
		{4192538D-5E42-4841-8C8F-6A2072808D41}.Debug|Mixed Platforms.Build.0 = Debug|Any CPU
		{4192538D-5E42-4841-8C8F-6A2072808D41}.Debug|x64.ActiveCfg = Debug|x64
		{4192538D-5E42-4841-8C8F-6A2072808D41}.Debug|x64.Build.0 = Debug|x64
		{4192538D-5E42-4841-8C8F-6A2072808D41}.Debug|x86.ActiveCfg = Debug|Any CPU
		{4192538D-5E42-4841-8C8F-6A2072808D41}.Debug|x86.Build.0 = Debug|Any CPU
		{4192538D-5E42-4841-8C8F-6A2072808D41}.Release|Any CPU.ActiveCfg = Release|Any CPU
		{4192538D-5E42-4841-8C8F-6A2072808D41}.Release|Any CPU.Build.0 = Release|Any CPU
		{4192538D-5E42-4841-8C8F-6A2072808D41}.Release|Mixed Platforms.ActiveCfg = Release|x64
		{4192538D-5E42-4841-8C8F-6A2072808D41}.Release|Mixed Platforms.Build.0 = Release|x64
		{4192538D-5E42-4841-8C8F-6A2072808D41}.Release|x64.ActiveCfg = Release|x86
		{4192538D-5E42-4841-8C8F-6A2072808D41}.Release|x64.Build.0 = Release|x86
		{4192538D-5E42-4841-8C8F-6A2072808D41}.Release|x86.ActiveCfg = Release|x86
		{4192538D-5E42-4841-8C8F-6A2072808D41}.Release|x86.Build.0 = Release|x86
		{9E2D08E0-0A3D-46D1-BCD6-D85ADE871118}.Debug|Any CPU.ActiveCfg = Debug|Any CPU
		{9E2D08E0-0A3D-46D1-BCD6-D85ADE871118}.Debug|Any CPU.Build.0 = Debug|Any CPU
		{9E2D08E0-0A3D-46D1-BCD6-D85ADE871118}.Debug|Mixed Platforms.ActiveCfg = Debug|Any CPU
		{9E2D08E0-0A3D-46D1-BCD6-D85ADE871118}.Debug|Mixed Platforms.Build.0 = Debug|Any CPU
		{9E2D08E0-0A3D-46D1-BCD6-D85ADE871118}.Debug|x64.ActiveCfg = Debug|x64
		{9E2D08E0-0A3D-46D1-BCD6-D85ADE871118}.Debug|x64.Build.0 = Debug|x64
		{9E2D08E0-0A3D-46D1-BCD6-D85ADE871118}.Debug|x86.ActiveCfg = Debug|Any CPU
		{9E2D08E0-0A3D-46D1-BCD6-D85ADE871118}.Debug|x86.Build.0 = Debug|Any CPU
		{9E2D08E0-0A3D-46D1-BCD6-D85ADE871118}.Release|Any CPU.ActiveCfg = Release|Any CPU
		{9E2D08E0-0A3D-46D1-BCD6-D85ADE871118}.Release|Any CPU.Build.0 = Release|Any CPU
		{9E2D08E0-0A3D-46D1-BCD6-D85ADE871118}.Release|Mixed Platforms.ActiveCfg = Release|x64
		{9E2D08E0-0A3D-46D1-BCD6-D85ADE871118}.Release|Mixed Platforms.Build.0 = Release|x64
		{9E2D08E0-0A3D-46D1-BCD6-D85ADE871118}.Release|x64.ActiveCfg = Release|x64
		{9E2D08E0-0A3D-46D1-BCD6-D85ADE871118}.Release|x64.Build.0 = Release|x64
		{9E2D08E0-0A3D-46D1-BCD6-D85ADE871118}.Release|x86.ActiveCfg = Release|x86
		{9E2D08E0-0A3D-46D1-BCD6-D85ADE871118}.Release|x86.Build.0 = Release|x86
		{B04EEAA1-7492-41B9-9CEA-1D961D9A8568}.Debug|Any CPU.ActiveCfg = Debug|Any CPU
		{B04EEAA1-7492-41B9-9CEA-1D961D9A8568}.Debug|Any CPU.Build.0 = Debug|Any CPU
		{B04EEAA1-7492-41B9-9CEA-1D961D9A8568}.Debug|Mixed Platforms.ActiveCfg = Debug|Any CPU
		{B04EEAA1-7492-41B9-9CEA-1D961D9A8568}.Debug|Mixed Platforms.Build.0 = Debug|Any CPU
		{B04EEAA1-7492-41B9-9CEA-1D961D9A8568}.Debug|x64.ActiveCfg = Debug|x64
		{B04EEAA1-7492-41B9-9CEA-1D961D9A8568}.Debug|x64.Build.0 = Debug|x64
		{B04EEAA1-7492-41B9-9CEA-1D961D9A8568}.Debug|x86.ActiveCfg = Debug|Any CPU
		{B04EEAA1-7492-41B9-9CEA-1D961D9A8568}.Debug|x86.Build.0 = Debug|Any CPU
		{B04EEAA1-7492-41B9-9CEA-1D961D9A8568}.Release|Any CPU.ActiveCfg = Release|Any CPU
		{B04EEAA1-7492-41B9-9CEA-1D961D9A8568}.Release|Any CPU.Build.0 = Release|Any CPU
		{B04EEAA1-7492-41B9-9CEA-1D961D9A8568}.Release|Mixed Platforms.ActiveCfg = Release|x64
		{B04EEAA1-7492-41B9-9CEA-1D961D9A8568}.Release|Mixed Platforms.Build.0 = Release|x64
		{B04EEAA1-7492-41B9-9CEA-1D961D9A8568}.Release|x64.ActiveCfg = Release|x86
		{B04EEAA1-7492-41B9-9CEA-1D961D9A8568}.Release|x64.Build.0 = Release|x86
		{B04EEAA1-7492-41B9-9CEA-1D961D9A8568}.Release|x86.ActiveCfg = Release|x86
		{B04EEAA1-7492-41B9-9CEA-1D961D9A8568}.Release|x86.Build.0 = Release|x86
		{A5B72DFB-6698-420C-ADCC-3F2D28C4F65E}.Debug|Any CPU.ActiveCfg = Debug|Any CPU
		{A5B72DFB-6698-420C-ADCC-3F2D28C4F65E}.Debug|Any CPU.Build.0 = Debug|Any CPU
		{A5B72DFB-6698-420C-ADCC-3F2D28C4F65E}.Debug|Mixed Platforms.ActiveCfg = Debug|Any CPU
		{A5B72DFB-6698-420C-ADCC-3F2D28C4F65E}.Debug|Mixed Platforms.Build.0 = Debug|Any CPU
		{A5B72DFB-6698-420C-ADCC-3F2D28C4F65E}.Debug|x64.ActiveCfg = Debug|x64
		{A5B72DFB-6698-420C-ADCC-3F2D28C4F65E}.Debug|x64.Build.0 = Debug|x64
		{A5B72DFB-6698-420C-ADCC-3F2D28C4F65E}.Debug|x86.ActiveCfg = Debug|Any CPU
		{A5B72DFB-6698-420C-ADCC-3F2D28C4F65E}.Debug|x86.Build.0 = Debug|Any CPU
		{A5B72DFB-6698-420C-ADCC-3F2D28C4F65E}.Release|Any CPU.ActiveCfg = Release|Any CPU
		{A5B72DFB-6698-420C-ADCC-3F2D28C4F65E}.Release|Any CPU.Build.0 = Release|Any CPU
		{A5B72DFB-6698-420C-ADCC-3F2D28C4F65E}.Release|Mixed Platforms.ActiveCfg = Release|x64
		{A5B72DFB-6698-420C-ADCC-3F2D28C4F65E}.Release|Mixed Platforms.Build.0 = Release|x64
		{A5B72DFB-6698-420C-ADCC-3F2D28C4F65E}.Release|x64.ActiveCfg = Release|x64
		{A5B72DFB-6698-420C-ADCC-3F2D28C4F65E}.Release|x64.Build.0 = Release|x64
		{A5B72DFB-6698-420C-ADCC-3F2D28C4F65E}.Release|x86.ActiveCfg = Release|x86
		{A5B72DFB-6698-420C-ADCC-3F2D28C4F65E}.Release|x86.Build.0 = Release|x86
		{9190A42E-76B2-4315-9374-DF188D78881B}.Debug|Any CPU.ActiveCfg = Debug|Any CPU
		{9190A42E-76B2-4315-9374-DF188D78881B}.Debug|Any CPU.Build.0 = Debug|Any CPU
		{9190A42E-76B2-4315-9374-DF188D78881B}.Debug|Mixed Platforms.ActiveCfg = Debug|Any CPU
		{9190A42E-76B2-4315-9374-DF188D78881B}.Debug|Mixed Platforms.Build.0 = Debug|Any CPU
		{9190A42E-76B2-4315-9374-DF188D78881B}.Debug|x64.ActiveCfg = Debug|x64
		{9190A42E-76B2-4315-9374-DF188D78881B}.Debug|x64.Build.0 = Debug|x64
		{9190A42E-76B2-4315-9374-DF188D78881B}.Debug|x86.ActiveCfg = Debug|Any CPU
		{9190A42E-76B2-4315-9374-DF188D78881B}.Debug|x86.Build.0 = Debug|Any CPU
		{9190A42E-76B2-4315-9374-DF188D78881B}.Release|Any CPU.ActiveCfg = Release|Any CPU
		{9190A42E-76B2-4315-9374-DF188D78881B}.Release|Any CPU.Build.0 = Release|Any CPU
		{9190A42E-76B2-4315-9374-DF188D78881B}.Release|Mixed Platforms.ActiveCfg = Release|x64
		{9190A42E-76B2-4315-9374-DF188D78881B}.Release|Mixed Platforms.Build.0 = Release|x64
		{9190A42E-76B2-4315-9374-DF188D78881B}.Release|x64.ActiveCfg = Release|x64
		{9190A42E-76B2-4315-9374-DF188D78881B}.Release|x64.Build.0 = Release|x64
		{9190A42E-76B2-4315-9374-DF188D78881B}.Release|x86.ActiveCfg = Release|x86
		{9190A42E-76B2-4315-9374-DF188D78881B}.Release|x86.Build.0 = Release|x86
		{4F499249-B39C-4DD2-A75C-FE768E90579F}.Debug|Any CPU.ActiveCfg = Debug|Any CPU
		{4F499249-B39C-4DD2-A75C-FE768E90579F}.Debug|Any CPU.Build.0 = Debug|Any CPU
		{4F499249-B39C-4DD2-A75C-FE768E90579F}.Debug|Mixed Platforms.ActiveCfg = Debug|Any CPU
		{4F499249-B39C-4DD2-A75C-FE768E90579F}.Debug|Mixed Platforms.Build.0 = Debug|Any CPU
		{4F499249-B39C-4DD2-A75C-FE768E90579F}.Debug|x64.ActiveCfg = Debug|x64
		{4F499249-B39C-4DD2-A75C-FE768E90579F}.Debug|x64.Build.0 = Debug|x64
		{4F499249-B39C-4DD2-A75C-FE768E90579F}.Debug|x86.ActiveCfg = Debug|Any CPU
		{4F499249-B39C-4DD2-A75C-FE768E90579F}.Debug|x86.Build.0 = Debug|Any CPU
		{4F499249-B39C-4DD2-A75C-FE768E90579F}.Release|Any CPU.ActiveCfg = Release|Any CPU
		{4F499249-B39C-4DD2-A75C-FE768E90579F}.Release|Any CPU.Build.0 = Release|Any CPU
		{4F499249-B39C-4DD2-A75C-FE768E90579F}.Release|Mixed Platforms.ActiveCfg = Release|x64
		{4F499249-B39C-4DD2-A75C-FE768E90579F}.Release|Mixed Platforms.Build.0 = Release|x64
		{4F499249-B39C-4DD2-A75C-FE768E90579F}.Release|x64.ActiveCfg = Release|x86
		{4F499249-B39C-4DD2-A75C-FE768E90579F}.Release|x64.Build.0 = Release|x86
		{4F499249-B39C-4DD2-A75C-FE768E90579F}.Release|x86.ActiveCfg = Release|x86
		{4F499249-B39C-4DD2-A75C-FE768E90579F}.Release|x86.Build.0 = Release|x86
		{BB6CE799-54E1-4019-B918-992DCD78480A}.Debug|Any CPU.ActiveCfg = Debug|Any CPU
		{BB6CE799-54E1-4019-B918-992DCD78480A}.Debug|Any CPU.Build.0 = Debug|Any CPU
		{BB6CE799-54E1-4019-B918-992DCD78480A}.Debug|Mixed Platforms.ActiveCfg = Debug|Any CPU
		{BB6CE799-54E1-4019-B918-992DCD78480A}.Debug|Mixed Platforms.Build.0 = Debug|Any CPU
		{BB6CE799-54E1-4019-B918-992DCD78480A}.Debug|x64.ActiveCfg = Debug|x64
		{BB6CE799-54E1-4019-B918-992DCD78480A}.Debug|x64.Build.0 = Debug|x64
		{BB6CE799-54E1-4019-B918-992DCD78480A}.Debug|x86.ActiveCfg = Debug|Any CPU
		{BB6CE799-54E1-4019-B918-992DCD78480A}.Debug|x86.Build.0 = Debug|Any CPU
		{BB6CE799-54E1-4019-B918-992DCD78480A}.Release|Any CPU.ActiveCfg = Release|Any CPU
		{BB6CE799-54E1-4019-B918-992DCD78480A}.Release|Any CPU.Build.0 = Release|Any CPU
		{BB6CE799-54E1-4019-B918-992DCD78480A}.Release|Mixed Platforms.ActiveCfg = Release|x64
		{BB6CE799-54E1-4019-B918-992DCD78480A}.Release|Mixed Platforms.Build.0 = Release|x64
		{BB6CE799-54E1-4019-B918-992DCD78480A}.Release|x64.ActiveCfg = Release|x86
		{BB6CE799-54E1-4019-B918-992DCD78480A}.Release|x64.Build.0 = Release|x86
		{BB6CE799-54E1-4019-B918-992DCD78480A}.Release|x86.ActiveCfg = Release|x86
		{BB6CE799-54E1-4019-B918-992DCD78480A}.Release|x86.Build.0 = Release|x86
		{5A255BCD-5858-4CB3-BE76-177E65048D4F}.Debug|Any CPU.ActiveCfg = Debug|Any CPU
		{5A255BCD-5858-4CB3-BE76-177E65048D4F}.Debug|Any CPU.Build.0 = Debug|Any CPU
		{5A255BCD-5858-4CB3-BE76-177E65048D4F}.Debug|Mixed Platforms.ActiveCfg = Debug|Any CPU
		{5A255BCD-5858-4CB3-BE76-177E65048D4F}.Debug|Mixed Platforms.Build.0 = Debug|Any CPU
		{5A255BCD-5858-4CB3-BE76-177E65048D4F}.Debug|x64.ActiveCfg = Debug|x64
		{5A255BCD-5858-4CB3-BE76-177E65048D4F}.Debug|x64.Build.0 = Debug|x64
		{5A255BCD-5858-4CB3-BE76-177E65048D4F}.Debug|x86.ActiveCfg = Debug|Any CPU
		{5A255BCD-5858-4CB3-BE76-177E65048D4F}.Debug|x86.Build.0 = Debug|Any CPU
		{5A255BCD-5858-4CB3-BE76-177E65048D4F}.Release|Any CPU.ActiveCfg = Release|Any CPU
		{5A255BCD-5858-4CB3-BE76-177E65048D4F}.Release|Any CPU.Build.0 = Release|Any CPU
		{5A255BCD-5858-4CB3-BE76-177E65048D4F}.Release|Mixed Platforms.ActiveCfg = Release|Any CPU
		{5A255BCD-5858-4CB3-BE76-177E65048D4F}.Release|Mixed Platforms.Build.0 = Release|Any CPU
		{5A255BCD-5858-4CB3-BE76-177E65048D4F}.Release|x64.ActiveCfg = Release|x64
		{5A255BCD-5858-4CB3-BE76-177E65048D4F}.Release|x64.Build.0 = Release|x64
		{5A255BCD-5858-4CB3-BE76-177E65048D4F}.Release|x86.ActiveCfg = Release|x86
		{5A255BCD-5858-4CB3-BE76-177E65048D4F}.Release|x86.Build.0 = Release|x86
		{7BBC7165-5E13-4802-B79F-00E754319F0B}.Debug|Any CPU.ActiveCfg = Debug|Any CPU
		{7BBC7165-5E13-4802-B79F-00E754319F0B}.Debug|Any CPU.Build.0 = Debug|Any CPU
		{7BBC7165-5E13-4802-B79F-00E754319F0B}.Debug|Mixed Platforms.ActiveCfg = Debug|Any CPU
		{7BBC7165-5E13-4802-B79F-00E754319F0B}.Debug|Mixed Platforms.Build.0 = Debug|Any CPU
		{7BBC7165-5E13-4802-B79F-00E754319F0B}.Debug|x64.ActiveCfg = Debug|x64
		{7BBC7165-5E13-4802-B79F-00E754319F0B}.Debug|x64.Build.0 = Debug|x64
		{7BBC7165-5E13-4802-B79F-00E754319F0B}.Debug|x86.ActiveCfg = Debug|Any CPU
		{7BBC7165-5E13-4802-B79F-00E754319F0B}.Debug|x86.Build.0 = Debug|Any CPU
		{7BBC7165-5E13-4802-B79F-00E754319F0B}.Release|Any CPU.ActiveCfg = Release|Any CPU
		{7BBC7165-5E13-4802-B79F-00E754319F0B}.Release|Any CPU.Build.0 = Release|Any CPU
		{7BBC7165-5E13-4802-B79F-00E754319F0B}.Release|Mixed Platforms.ActiveCfg = Release|Any CPU
		{7BBC7165-5E13-4802-B79F-00E754319F0B}.Release|Mixed Platforms.Build.0 = Release|Any CPU
		{7BBC7165-5E13-4802-B79F-00E754319F0B}.Release|x64.ActiveCfg = Release|x64
		{7BBC7165-5E13-4802-B79F-00E754319F0B}.Release|x64.Build.0 = Release|x64
		{7BBC7165-5E13-4802-B79F-00E754319F0B}.Release|x86.ActiveCfg = Release|x86
		{7BBC7165-5E13-4802-B79F-00E754319F0B}.Release|x86.Build.0 = Release|x86
		{6B55CE77-2663-45F0-ADB2-DFC7AB01233C}.Debug|Any CPU.ActiveCfg = Debug|Any CPU
		{6B55CE77-2663-45F0-ADB2-DFC7AB01233C}.Debug|Any CPU.Build.0 = Debug|Any CPU
		{6B55CE77-2663-45F0-ADB2-DFC7AB01233C}.Debug|Mixed Platforms.ActiveCfg = Debug|Any CPU
		{6B55CE77-2663-45F0-ADB2-DFC7AB01233C}.Debug|Mixed Platforms.Build.0 = Debug|Any CPU
		{6B55CE77-2663-45F0-ADB2-DFC7AB01233C}.Debug|x64.ActiveCfg = Debug|x64
		{6B55CE77-2663-45F0-ADB2-DFC7AB01233C}.Debug|x64.Build.0 = Debug|x64
		{6B55CE77-2663-45F0-ADB2-DFC7AB01233C}.Debug|x86.ActiveCfg = Debug|x64
		{6B55CE77-2663-45F0-ADB2-DFC7AB01233C}.Debug|x86.Build.0 = Debug|x64
		{6B55CE77-2663-45F0-ADB2-DFC7AB01233C}.Release|Any CPU.ActiveCfg = Release|Any CPU
		{6B55CE77-2663-45F0-ADB2-DFC7AB01233C}.Release|Any CPU.Build.0 = Release|Any CPU
		{6B55CE77-2663-45F0-ADB2-DFC7AB01233C}.Release|Mixed Platforms.ActiveCfg = Release|x64
		{6B55CE77-2663-45F0-ADB2-DFC7AB01233C}.Release|Mixed Platforms.Build.0 = Release|x64
		{6B55CE77-2663-45F0-ADB2-DFC7AB01233C}.Release|x64.ActiveCfg = Release|x64
		{6B55CE77-2663-45F0-ADB2-DFC7AB01233C}.Release|x64.Build.0 = Release|x64
		{6B55CE77-2663-45F0-ADB2-DFC7AB01233C}.Release|x86.ActiveCfg = Release|x86
		{6B55CE77-2663-45F0-ADB2-DFC7AB01233C}.Release|x86.Build.0 = Release|x86
		{272059FF-3EF6-49A1-9DA5-D8649A17AA0C}.Debug|Any CPU.ActiveCfg = Debug|Any CPU
		{272059FF-3EF6-49A1-9DA5-D8649A17AA0C}.Debug|Any CPU.Build.0 = Debug|Any CPU
		{272059FF-3EF6-49A1-9DA5-D8649A17AA0C}.Debug|Mixed Platforms.ActiveCfg = Debug|Any CPU
		{272059FF-3EF6-49A1-9DA5-D8649A17AA0C}.Debug|Mixed Platforms.Build.0 = Debug|Any CPU
		{272059FF-3EF6-49A1-9DA5-D8649A17AA0C}.Debug|x64.ActiveCfg = Debug|x64
		{272059FF-3EF6-49A1-9DA5-D8649A17AA0C}.Debug|x64.Build.0 = Debug|x64
		{272059FF-3EF6-49A1-9DA5-D8649A17AA0C}.Debug|x86.ActiveCfg = Debug|Any CPU
		{272059FF-3EF6-49A1-9DA5-D8649A17AA0C}.Debug|x86.Build.0 = Debug|Any CPU
		{272059FF-3EF6-49A1-9DA5-D8649A17AA0C}.Release|Any CPU.ActiveCfg = Release|Any CPU
		{272059FF-3EF6-49A1-9DA5-D8649A17AA0C}.Release|Any CPU.Build.0 = Release|Any CPU
		{272059FF-3EF6-49A1-9DA5-D8649A17AA0C}.Release|Mixed Platforms.ActiveCfg = Release|Any CPU
		{272059FF-3EF6-49A1-9DA5-D8649A17AA0C}.Release|Mixed Platforms.Build.0 = Release|Any CPU
		{272059FF-3EF6-49A1-9DA5-D8649A17AA0C}.Release|x64.ActiveCfg = Release|x64
		{272059FF-3EF6-49A1-9DA5-D8649A17AA0C}.Release|x64.Build.0 = Release|x64
		{272059FF-3EF6-49A1-9DA5-D8649A17AA0C}.Release|x86.ActiveCfg = Release|x86
		{272059FF-3EF6-49A1-9DA5-D8649A17AA0C}.Release|x86.Build.0 = Release|x86
		{02AAAF17-7C44-43EB-9AA8-48E03A7C67AE}.Debug|Any CPU.ActiveCfg = Debug|Any CPU
		{02AAAF17-7C44-43EB-9AA8-48E03A7C67AE}.Debug|Any CPU.Build.0 = Debug|Any CPU
		{02AAAF17-7C44-43EB-9AA8-48E03A7C67AE}.Debug|Mixed Platforms.ActiveCfg = Debug|Any CPU
		{02AAAF17-7C44-43EB-9AA8-48E03A7C67AE}.Debug|Mixed Platforms.Build.0 = Debug|Any CPU
		{02AAAF17-7C44-43EB-9AA8-48E03A7C67AE}.Debug|x64.ActiveCfg = Debug|x64
		{02AAAF17-7C44-43EB-9AA8-48E03A7C67AE}.Debug|x64.Build.0 = Debug|x64
		{02AAAF17-7C44-43EB-9AA8-48E03A7C67AE}.Debug|x86.ActiveCfg = Debug|Any CPU
		{02AAAF17-7C44-43EB-9AA8-48E03A7C67AE}.Debug|x86.Build.0 = Debug|Any CPU
		{02AAAF17-7C44-43EB-9AA8-48E03A7C67AE}.Release|Any CPU.ActiveCfg = Release|Any CPU
		{02AAAF17-7C44-43EB-9AA8-48E03A7C67AE}.Release|Any CPU.Build.0 = Release|Any CPU
		{02AAAF17-7C44-43EB-9AA8-48E03A7C67AE}.Release|Mixed Platforms.ActiveCfg = Release|Any CPU
		{02AAAF17-7C44-43EB-9AA8-48E03A7C67AE}.Release|Mixed Platforms.Build.0 = Release|Any CPU
		{02AAAF17-7C44-43EB-9AA8-48E03A7C67AE}.Release|x64.ActiveCfg = Release|x64
		{02AAAF17-7C44-43EB-9AA8-48E03A7C67AE}.Release|x64.Build.0 = Release|x64
		{02AAAF17-7C44-43EB-9AA8-48E03A7C67AE}.Release|x86.ActiveCfg = Release|x86
		{02AAAF17-7C44-43EB-9AA8-48E03A7C67AE}.Release|x86.Build.0 = Release|x86
		{4390CD07-BCBD-417F-B6FE-85A5CAABDFE5}.Debug|Any CPU.ActiveCfg = Debug|Any CPU
		{4390CD07-BCBD-417F-B6FE-85A5CAABDFE5}.Debug|Any CPU.Build.0 = Debug|Any CPU
		{4390CD07-BCBD-417F-B6FE-85A5CAABDFE5}.Debug|Mixed Platforms.ActiveCfg = Debug|Any CPU
		{4390CD07-BCBD-417F-B6FE-85A5CAABDFE5}.Debug|Mixed Platforms.Build.0 = Debug|Any CPU
		{4390CD07-BCBD-417F-B6FE-85A5CAABDFE5}.Debug|x64.ActiveCfg = Debug|Any CPU
		{4390CD07-BCBD-417F-B6FE-85A5CAABDFE5}.Debug|x64.Build.0 = Debug|Any CPU
		{4390CD07-BCBD-417F-B6FE-85A5CAABDFE5}.Debug|x86.ActiveCfg = Debug|Any CPU
		{4390CD07-BCBD-417F-B6FE-85A5CAABDFE5}.Debug|x86.Build.0 = Debug|Any CPU
		{4390CD07-BCBD-417F-B6FE-85A5CAABDFE5}.Release|Any CPU.ActiveCfg = Release|Any CPU
		{4390CD07-BCBD-417F-B6FE-85A5CAABDFE5}.Release|Any CPU.Build.0 = Release|Any CPU
		{4390CD07-BCBD-417F-B6FE-85A5CAABDFE5}.Release|Mixed Platforms.ActiveCfg = Release|Any CPU
		{4390CD07-BCBD-417F-B6FE-85A5CAABDFE5}.Release|Mixed Platforms.Build.0 = Release|Any CPU
		{4390CD07-BCBD-417F-B6FE-85A5CAABDFE5}.Release|x64.ActiveCfg = Release|x64
		{4390CD07-BCBD-417F-B6FE-85A5CAABDFE5}.Release|x64.Build.0 = Release|x64
		{4390CD07-BCBD-417F-B6FE-85A5CAABDFE5}.Release|x86.ActiveCfg = Release|x86
		{4390CD07-BCBD-417F-B6FE-85A5CAABDFE5}.Release|x86.Build.0 = Release|x86
		{276664F8-43A3-43E6-AA9A-B9A275B14013}.Debug|Any CPU.ActiveCfg = Debug|Any CPU
		{276664F8-43A3-43E6-AA9A-B9A275B14013}.Debug|Any CPU.Build.0 = Debug|Any CPU
		{276664F8-43A3-43E6-AA9A-B9A275B14013}.Debug|Mixed Platforms.ActiveCfg = Debug|Any CPU
		{276664F8-43A3-43E6-AA9A-B9A275B14013}.Debug|Mixed Platforms.Build.0 = Debug|Any CPU
		{276664F8-43A3-43E6-AA9A-B9A275B14013}.Debug|x64.ActiveCfg = Debug|x64
		{276664F8-43A3-43E6-AA9A-B9A275B14013}.Debug|x64.Build.0 = Debug|x64
		{276664F8-43A3-43E6-AA9A-B9A275B14013}.Debug|x86.ActiveCfg = Debug|Any CPU
		{276664F8-43A3-43E6-AA9A-B9A275B14013}.Debug|x86.Build.0 = Debug|Any CPU
		{276664F8-43A3-43E6-AA9A-B9A275B14013}.Release|Any CPU.ActiveCfg = Release|Any CPU
		{276664F8-43A3-43E6-AA9A-B9A275B14013}.Release|Any CPU.Build.0 = Release|Any CPU
		{276664F8-43A3-43E6-AA9A-B9A275B14013}.Release|Mixed Platforms.ActiveCfg = Release|Any CPU
		{276664F8-43A3-43E6-AA9A-B9A275B14013}.Release|Mixed Platforms.Build.0 = Release|Any CPU
		{276664F8-43A3-43E6-AA9A-B9A275B14013}.Release|x64.ActiveCfg = Release|x64
		{276664F8-43A3-43E6-AA9A-B9A275B14013}.Release|x64.Build.0 = Release|x64
		{276664F8-43A3-43E6-AA9A-B9A275B14013}.Release|x86.ActiveCfg = Release|x86
		{276664F8-43A3-43E6-AA9A-B9A275B14013}.Release|x86.Build.0 = Release|x86
		{AC366DF0-1269-4C2C-9599-B02FCB8402FE}.Debug|Any CPU.ActiveCfg = Debug|Any CPU
		{AC366DF0-1269-4C2C-9599-B02FCB8402FE}.Debug|Any CPU.Build.0 = Debug|Any CPU
		{AC366DF0-1269-4C2C-9599-B02FCB8402FE}.Debug|Mixed Platforms.ActiveCfg = Debug|Any CPU
		{AC366DF0-1269-4C2C-9599-B02FCB8402FE}.Debug|Mixed Platforms.Build.0 = Debug|Any CPU
		{AC366DF0-1269-4C2C-9599-B02FCB8402FE}.Debug|x64.ActiveCfg = Debug|x64
		{AC366DF0-1269-4C2C-9599-B02FCB8402FE}.Debug|x64.Build.0 = Debug|x64
		{AC366DF0-1269-4C2C-9599-B02FCB8402FE}.Debug|x86.ActiveCfg = Debug|Any CPU
		{AC366DF0-1269-4C2C-9599-B02FCB8402FE}.Debug|x86.Build.0 = Debug|Any CPU
		{AC366DF0-1269-4C2C-9599-B02FCB8402FE}.Release|Any CPU.ActiveCfg = Release|Any CPU
		{AC366DF0-1269-4C2C-9599-B02FCB8402FE}.Release|Any CPU.Build.0 = Release|Any CPU
		{AC366DF0-1269-4C2C-9599-B02FCB8402FE}.Release|Mixed Platforms.ActiveCfg = Release|Any CPU
		{AC366DF0-1269-4C2C-9599-B02FCB8402FE}.Release|Mixed Platforms.Build.0 = Release|Any CPU
		{AC366DF0-1269-4C2C-9599-B02FCB8402FE}.Release|x64.ActiveCfg = Release|x64
		{AC366DF0-1269-4C2C-9599-B02FCB8402FE}.Release|x64.Build.0 = Release|x64
		{AC366DF0-1269-4C2C-9599-B02FCB8402FE}.Release|x86.ActiveCfg = Release|x86
		{AC366DF0-1269-4C2C-9599-B02FCB8402FE}.Release|x86.Build.0 = Release|x86
		{F2CA2CE6-3D33-4FF2-8E8B-8B16E571F98C}.Debug|Any CPU.ActiveCfg = Debug|Any CPU
		{F2CA2CE6-3D33-4FF2-8E8B-8B16E571F98C}.Debug|Any CPU.Build.0 = Debug|Any CPU
		{F2CA2CE6-3D33-4FF2-8E8B-8B16E571F98C}.Debug|Mixed Platforms.ActiveCfg = Debug|Any CPU
		{F2CA2CE6-3D33-4FF2-8E8B-8B16E571F98C}.Debug|Mixed Platforms.Build.0 = Debug|Any CPU
		{F2CA2CE6-3D33-4FF2-8E8B-8B16E571F98C}.Debug|x64.ActiveCfg = Debug|x64
		{F2CA2CE6-3D33-4FF2-8E8B-8B16E571F98C}.Debug|x64.Build.0 = Debug|x64
		{F2CA2CE6-3D33-4FF2-8E8B-8B16E571F98C}.Debug|x86.ActiveCfg = Debug|Any CPU
		{F2CA2CE6-3D33-4FF2-8E8B-8B16E571F98C}.Debug|x86.Build.0 = Debug|Any CPU
		{F2CA2CE6-3D33-4FF2-8E8B-8B16E571F98C}.Release|Any CPU.ActiveCfg = Release|Any CPU
		{F2CA2CE6-3D33-4FF2-8E8B-8B16E571F98C}.Release|Any CPU.Build.0 = Release|Any CPU
		{F2CA2CE6-3D33-4FF2-8E8B-8B16E571F98C}.Release|Mixed Platforms.ActiveCfg = Release|Any CPU
		{F2CA2CE6-3D33-4FF2-8E8B-8B16E571F98C}.Release|Mixed Platforms.Build.0 = Release|Any CPU
		{F2CA2CE6-3D33-4FF2-8E8B-8B16E571F98C}.Release|x64.ActiveCfg = Release|x64
		{F2CA2CE6-3D33-4FF2-8E8B-8B16E571F98C}.Release|x64.Build.0 = Release|x64
		{F2CA2CE6-3D33-4FF2-8E8B-8B16E571F98C}.Release|x86.ActiveCfg = Release|x86
		{F2CA2CE6-3D33-4FF2-8E8B-8B16E571F98C}.Release|x86.Build.0 = Release|x86
		{780B3603-392F-4C71-BBE1-87477248D1A8}.Debug|Any CPU.ActiveCfg = Debug|Any CPU
		{780B3603-392F-4C71-BBE1-87477248D1A8}.Debug|Any CPU.Build.0 = Debug|Any CPU
		{780B3603-392F-4C71-BBE1-87477248D1A8}.Debug|Mixed Platforms.ActiveCfg = Debug|Any CPU
		{780B3603-392F-4C71-BBE1-87477248D1A8}.Debug|Mixed Platforms.Build.0 = Debug|Any CPU
		{780B3603-392F-4C71-BBE1-87477248D1A8}.Debug|x64.ActiveCfg = Debug|x64
		{780B3603-392F-4C71-BBE1-87477248D1A8}.Debug|x64.Build.0 = Debug|x64
		{780B3603-392F-4C71-BBE1-87477248D1A8}.Debug|x86.ActiveCfg = Debug|Any CPU
		{780B3603-392F-4C71-BBE1-87477248D1A8}.Debug|x86.Build.0 = Debug|Any CPU
		{780B3603-392F-4C71-BBE1-87477248D1A8}.Release|Any CPU.ActiveCfg = Release|Any CPU
		{780B3603-392F-4C71-BBE1-87477248D1A8}.Release|Any CPU.Build.0 = Release|Any CPU
		{780B3603-392F-4C71-BBE1-87477248D1A8}.Release|Mixed Platforms.ActiveCfg = Release|Any CPU
		{780B3603-392F-4C71-BBE1-87477248D1A8}.Release|Mixed Platforms.Build.0 = Release|Any CPU
		{780B3603-392F-4C71-BBE1-87477248D1A8}.Release|x64.ActiveCfg = Release|x64
		{780B3603-392F-4C71-BBE1-87477248D1A8}.Release|x64.Build.0 = Release|x64
		{780B3603-392F-4C71-BBE1-87477248D1A8}.Release|x86.ActiveCfg = Release|x86
		{780B3603-392F-4C71-BBE1-87477248D1A8}.Release|x86.Build.0 = Release|x86
		{1FE538F6-D05D-4849-8741-F827F1B7B34F}.Debug|Any CPU.ActiveCfg = Debug|Any CPU
		{1FE538F6-D05D-4849-8741-F827F1B7B34F}.Debug|Any CPU.Build.0 = Debug|Any CPU
		{1FE538F6-D05D-4849-8741-F827F1B7B34F}.Debug|Mixed Platforms.ActiveCfg = Debug|Any CPU
		{1FE538F6-D05D-4849-8741-F827F1B7B34F}.Debug|Mixed Platforms.Build.0 = Debug|Any CPU
		{1FE538F6-D05D-4849-8741-F827F1B7B34F}.Debug|x64.ActiveCfg = Debug|x64
		{1FE538F6-D05D-4849-8741-F827F1B7B34F}.Debug|x64.Build.0 = Debug|x64
		{1FE538F6-D05D-4849-8741-F827F1B7B34F}.Debug|x86.ActiveCfg = Debug|Any CPU
		{1FE538F6-D05D-4849-8741-F827F1B7B34F}.Debug|x86.Build.0 = Debug|Any CPU
		{1FE538F6-D05D-4849-8741-F827F1B7B34F}.Release|Any CPU.ActiveCfg = Release|Any CPU
		{1FE538F6-D05D-4849-8741-F827F1B7B34F}.Release|Any CPU.Build.0 = Release|Any CPU
		{1FE538F6-D05D-4849-8741-F827F1B7B34F}.Release|Mixed Platforms.ActiveCfg = Release|Any CPU
		{1FE538F6-D05D-4849-8741-F827F1B7B34F}.Release|Mixed Platforms.Build.0 = Release|Any CPU
		{1FE538F6-D05D-4849-8741-F827F1B7B34F}.Release|x64.ActiveCfg = Release|x64
		{1FE538F6-D05D-4849-8741-F827F1B7B34F}.Release|x64.Build.0 = Release|x64
		{1FE538F6-D05D-4849-8741-F827F1B7B34F}.Release|x86.ActiveCfg = Release|x86
		{1FE538F6-D05D-4849-8741-F827F1B7B34F}.Release|x86.Build.0 = Release|x86
		{7453ADF2-CE91-47BD-A046-003CCC90D962}.Debug|Any CPU.ActiveCfg = Debug|Any CPU
		{7453ADF2-CE91-47BD-A046-003CCC90D962}.Debug|Any CPU.Build.0 = Debug|Any CPU
		{7453ADF2-CE91-47BD-A046-003CCC90D962}.Debug|Mixed Platforms.ActiveCfg = Debug|x86
		{7453ADF2-CE91-47BD-A046-003CCC90D962}.Debug|Mixed Platforms.Build.0 = Debug|x86
		{7453ADF2-CE91-47BD-A046-003CCC90D962}.Debug|x64.ActiveCfg = Debug|x64
		{7453ADF2-CE91-47BD-A046-003CCC90D962}.Debug|x64.Build.0 = Debug|x64
		{7453ADF2-CE91-47BD-A046-003CCC90D962}.Debug|x86.ActiveCfg = Debug|x86
		{7453ADF2-CE91-47BD-A046-003CCC90D962}.Debug|x86.Build.0 = Debug|x86
		{7453ADF2-CE91-47BD-A046-003CCC90D962}.Release|Any CPU.ActiveCfg = Release|Any CPU
		{7453ADF2-CE91-47BD-A046-003CCC90D962}.Release|Any CPU.Build.0 = Release|Any CPU
		{7453ADF2-CE91-47BD-A046-003CCC90D962}.Release|Mixed Platforms.ActiveCfg = Release|x86
		{7453ADF2-CE91-47BD-A046-003CCC90D962}.Release|Mixed Platforms.Build.0 = Release|x86
		{7453ADF2-CE91-47BD-A046-003CCC90D962}.Release|x64.ActiveCfg = Release|x86
		{7453ADF2-CE91-47BD-A046-003CCC90D962}.Release|x64.Build.0 = Release|x86
		{7453ADF2-CE91-47BD-A046-003CCC90D962}.Release|x86.ActiveCfg = Release|x86
		{7453ADF2-CE91-47BD-A046-003CCC90D962}.Release|x86.Build.0 = Release|x86
		{00DCECE0-96B8-4286-B57C-581D97411DA8}.Debug|Any CPU.ActiveCfg = Debug|Any CPU
		{00DCECE0-96B8-4286-B57C-581D97411DA8}.Debug|Any CPU.Build.0 = Debug|Any CPU
		{00DCECE0-96B8-4286-B57C-581D97411DA8}.Debug|Mixed Platforms.ActiveCfg = Debug|Any CPU
		{00DCECE0-96B8-4286-B57C-581D97411DA8}.Debug|Mixed Platforms.Build.0 = Debug|Any CPU
		{00DCECE0-96B8-4286-B57C-581D97411DA8}.Debug|x64.ActiveCfg = Debug|x64
		{00DCECE0-96B8-4286-B57C-581D97411DA8}.Debug|x64.Build.0 = Debug|x64
		{00DCECE0-96B8-4286-B57C-581D97411DA8}.Debug|x86.ActiveCfg = Debug|Any CPU
		{00DCECE0-96B8-4286-B57C-581D97411DA8}.Debug|x86.Build.0 = Debug|Any CPU
		{00DCECE0-96B8-4286-B57C-581D97411DA8}.Release|Any CPU.ActiveCfg = Release|Any CPU
		{00DCECE0-96B8-4286-B57C-581D97411DA8}.Release|Any CPU.Build.0 = Release|Any CPU
		{00DCECE0-96B8-4286-B57C-581D97411DA8}.Release|Mixed Platforms.ActiveCfg = Release|Any CPU
		{00DCECE0-96B8-4286-B57C-581D97411DA8}.Release|Mixed Platforms.Build.0 = Release|Any CPU
		{00DCECE0-96B8-4286-B57C-581D97411DA8}.Release|x64.ActiveCfg = Release|x64
		{00DCECE0-96B8-4286-B57C-581D97411DA8}.Release|x64.Build.0 = Release|x64
		{00DCECE0-96B8-4286-B57C-581D97411DA8}.Release|x86.ActiveCfg = Release|x86
		{00DCECE0-96B8-4286-B57C-581D97411DA8}.Release|x86.Build.0 = Release|x86
		{1F644F8B-941C-4D35-972F-2660F59E8E32}.Debug|Any CPU.ActiveCfg = Debug|x86
		{1F644F8B-941C-4D35-972F-2660F59E8E32}.Debug|Any CPU.Build.0 = Debug|x86
		{1F644F8B-941C-4D35-972F-2660F59E8E32}.Debug|Mixed Platforms.ActiveCfg = Debug|x86
		{1F644F8B-941C-4D35-972F-2660F59E8E32}.Debug|Mixed Platforms.Build.0 = Debug|x86
		{1F644F8B-941C-4D35-972F-2660F59E8E32}.Debug|x64.ActiveCfg = Debug|x86
		{1F644F8B-941C-4D35-972F-2660F59E8E32}.Debug|x86.ActiveCfg = Debug|x86
		{1F644F8B-941C-4D35-972F-2660F59E8E32}.Debug|x86.Build.0 = Debug|x86
		{1F644F8B-941C-4D35-972F-2660F59E8E32}.Release|Any CPU.ActiveCfg = Release|x86
		{1F644F8B-941C-4D35-972F-2660F59E8E32}.Release|Mixed Platforms.ActiveCfg = Release|x86
		{1F644F8B-941C-4D35-972F-2660F59E8E32}.Release|Mixed Platforms.Build.0 = Release|x86
		{1F644F8B-941C-4D35-972F-2660F59E8E32}.Release|x64.ActiveCfg = Release|x86
		{1F644F8B-941C-4D35-972F-2660F59E8E32}.Release|x86.ActiveCfg = Release|x86
		{1F644F8B-941C-4D35-972F-2660F59E8E32}.Release|x86.Build.0 = Release|x86
	EndGlobalSection
	GlobalSection(SolutionProperties) = preSolution
		HideSolutionNode = FALSE
	EndGlobalSection
	GlobalSection(NestedProjects) = preSolution
		{8BA2EA0C-2220-4390-A87C-79E96E40DFD0} = {3D4ACC8E-81CA-4738-AF65-557FA57CCF7A}
		{58D2349E-9C39-485E-861E-E337ACF186B6} = {3D4ACC8E-81CA-4738-AF65-557FA57CCF7A}
		{35457F8B-839A-42B5-9CAC-CDDEFC7B7515} = {3D4ACC8E-81CA-4738-AF65-557FA57CCF7A}
		{2FCA90C0-899D-436D-B9BD-895BDD049558} = {3D4ACC8E-81CA-4738-AF65-557FA57CCF7A}
		{5A255BCD-5858-4CB3-BE76-177E65048D4F} = {3D4ACC8E-81CA-4738-AF65-557FA57CCF7A}
		{7BBC7165-5E13-4802-B79F-00E754319F0B} = {3D4ACC8E-81CA-4738-AF65-557FA57CCF7A}
		{6B55CE77-2663-45F0-ADB2-DFC7AB01233C} = {3D4ACC8E-81CA-4738-AF65-557FA57CCF7A}
		{272059FF-3EF6-49A1-9DA5-D8649A17AA0C} = {3D4ACC8E-81CA-4738-AF65-557FA57CCF7A}
		{276664F8-43A3-43E6-AA9A-B9A275B14013} = {3D4ACC8E-81CA-4738-AF65-557FA57CCF7A}
		{12029AA6-F05C-4DC6-B76E-C3798BCAC68D} = {7F2FB364-EDF3-4C43-B5F2-1388ADA4C9EB}
		{F0842E3B-1F25-4D42-B25D-758B8FCBDCC3} = {7F2FB364-EDF3-4C43-B5F2-1388ADA4C9EB}
		{7A99E385-CC40-4F2F-B301-EEF6C4664ECC} = {7F2FB364-EDF3-4C43-B5F2-1388ADA4C9EB}
		{4390CD07-BCBD-417F-B6FE-85A5CAABDFE5} = {7F2FB364-EDF3-4C43-B5F2-1388ADA4C9EB}
		{1FE538F6-D05D-4849-8741-F827F1B7B34F} = {7F2FB364-EDF3-4C43-B5F2-1388ADA4C9EB}
		{7453ADF2-CE91-47BD-A046-003CCC90D962} = {7F2FB364-EDF3-4C43-B5F2-1388ADA4C9EB}
		{F3A0C178-15D9-4E18-B673-28B80F40E665} = {A2581B83-5C10-4F25-A225-0EA00448352F}
		{5D1F1C5C-AFB9-43FC-B48D-3FCFE54F57C4} = {A2581B83-5C10-4F25-A225-0EA00448352F}
		{4192538D-5E42-4841-8C8F-6A2072808D41} = {A2581B83-5C10-4F25-A225-0EA00448352F}
		{9E2D08E0-0A3D-46D1-BCD6-D85ADE871118} = {A2581B83-5C10-4F25-A225-0EA00448352F}
		{B04EEAA1-7492-41B9-9CEA-1D961D9A8568} = {A2581B83-5C10-4F25-A225-0EA00448352F}
		{A5B72DFB-6698-420C-ADCC-3F2D28C4F65E} = {A2581B83-5C10-4F25-A225-0EA00448352F}
		{9190A42E-76B2-4315-9374-DF188D78881B} = {A2581B83-5C10-4F25-A225-0EA00448352F}
		{4F499249-B39C-4DD2-A75C-FE768E90579F} = {A2581B83-5C10-4F25-A225-0EA00448352F}
		{BB6CE799-54E1-4019-B918-992DCD78480A} = {A2581B83-5C10-4F25-A225-0EA00448352F}
		{B66BD805-49C3-4DC8-B530-15776A68A48A} = {2FCA90C0-899D-436D-B9BD-895BDD049558}
		{7F5BA044-DA1D-418D-A14F-708BC69C926E} = {2FCA90C0-899D-436D-B9BD-895BDD049558}
		{793DEE69-90CB-45D7-94CC-FD2D7CE59790} = {2FCA90C0-899D-436D-B9BD-895BDD049558}
		{B63C4D62-939A-45AB-95F2-EBFBE4B5013C} = {5D1F1C5C-AFB9-43FC-B48D-3FCFE54F57C4}
		{F1080594-08D8-44A7-A1FA-1AAAE608FE45} = {5D1F1C5C-AFB9-43FC-B48D-3FCFE54F57C4}
		{9D90C0A5-BD70-4DBB-A3EF-3B9D035BF41F} = {5D1F1C5C-AFB9-43FC-B48D-3FCFE54F57C4}
		{02AAAF17-7C44-43EB-9AA8-48E03A7C67AE} = {7A99E385-CC40-4F2F-B301-EEF6C4664ECC}
		{AC366DF0-1269-4C2C-9599-B02FCB8402FE} = {7A99E385-CC40-4F2F-B301-EEF6C4664ECC}
		{F2CA2CE6-3D33-4FF2-8E8B-8B16E571F98C} = {7A99E385-CC40-4F2F-B301-EEF6C4664ECC}
		{780B3603-392F-4C71-BBE1-87477248D1A8} = {7A99E385-CC40-4F2F-B301-EEF6C4664ECC}
		{00DCECE0-96B8-4286-B57C-581D97411DA8} = {7A99E385-CC40-4F2F-B301-EEF6C4664ECC}
		{1F644F8B-941C-4D35-972F-2660F59E8E32} = {7A99E385-CC40-4F2F-B301-EEF6C4664ECC}
	EndGlobalSection
EndGlobal
